
Microsoft Visual Studio Solution File, Format Version 12.00
# Visual Studio Version 17
VisualStudioVersion = 17.5.002.0
MinimumVisualStudioVersion = 10.0.40219.1
Project("{9A19103F-16F7-4668-BE54-9A1E7A4F7556}") = "PRO2-UPC", "PRO2-UPC\PRO2-UPC.csproj", "{DC981DB2-E3FF-4BD8-86A1-00477313502D}"
EndProject
Project("{9A19103F-16F7-4668-BE54-9A1E7A4F7556}") = "Tarea 1", "Tarea 1\Tarea 1.csproj", "{A4338622-C8CB-43A4-80D9-5479A0B2E05E}"
EndProject
Project("{2150E333-8FDC-42A3-9474-1A3956D46DE8}") = "PRO2-UPC (1)", "PRO2-UPC", "{A72CDA95-66CF-497F-8D88-1961BDD287EE}"
EndProject
Project("{2150E333-8FDC-42A3-9474-1A3956D46DE8}") = "DOCENTE", "DOCENTE", "{67332B4F-6274-46CB-8019-397A9AD89982}"
EndProject
Project("{9A19103F-16F7-4668-BE54-9A1E7A4F7556}") = "08112023", "PRO2-UPC\DOCENTE\08112023\08112023.csproj", "{41CF2E67-4598-44E8-848D-CF61A74635F9}"
EndProject
Project("{9A19103F-16F7-4668-BE54-9A1E7A4F7556}") = "algoritmos", "PRO2-UPC\DOCENTE\FormulaGeneral\algoritmos.csproj", "{9E310DE4-AEDB-4931-A8E5-EB581419BC10}"
EndProject
Project("{2150E333-8FDC-42A3-9474-1A3956D46DE8}") = "jorge", "jorge", "{4F73EA07-B8FF-48D0-A7A1-9717BEF9FF78}"
EndProject
Project("{2150E333-8FDC-42A3-9474-1A3956D46DE8}") = "Presentacion1", "Presentacion1", "{5FF73370-50C6-4AED-9EA8-DBFBEAE29311}"
EndProject
Project("{9A19103F-16F7-4668-BE54-9A1E7A4F7556}") = "Presentacion1", "PRO2-UPC\jorge\Presentacion1\Presentacion1\Presentacion1.csproj", "{897D9F76-825B-4EB4-A69F-4F69BCA198C5}"
EndProject
Project("{2150E333-8FDC-42A3-9474-1A3956D46DE8}") = "Presentacion2", "Presentacion2", "{7A6C620B-C3FC-4043-ADAB-D25388629B8F}"
EndProject
Project("{9A19103F-16F7-4668-BE54-9A1E7A4F7556}") = "Presentacion2", "PRO2-UPC\jorge\Presentacion2\Presentacion2\Presentacion2.csproj", "{633C8AC2-5E80-47E6-8F2B-6F61F9E39232}"
EndProject
Project("{2150E333-8FDC-42A3-9474-1A3956D46DE8}") = "Presentacion3", "Presentacion3", "{DC964681-FCDD-4F1A-8A62-424C839A1AFA}"
EndProject
Project("{9A19103F-16F7-4668-BE54-9A1E7A4F7556}") = "Presentacion3", "PRO2-UPC\jorge\Presentacion3\Presentacion3\Presentacion3.csproj", "{56E74DDE-7D8E-454B-934C-304661D590CE}"
EndProject
Global
	GlobalSection(SolutionConfigurationPlatforms) = preSolution
		Debug|Any CPU = Debug|Any CPU
		Release|Any CPU = Release|Any CPU
	EndGlobalSection
	GlobalSection(ProjectConfigurationPlatforms) = postSolution
		{DC981DB2-E3FF-4BD8-86A1-00477313502D}.Debug|Any CPU.ActiveCfg = Debug|Any CPU
		{DC981DB2-E3FF-4BD8-86A1-00477313502D}.Debug|Any CPU.Build.0 = Debug|Any CPU
		{DC981DB2-E3FF-4BD8-86A1-00477313502D}.Release|Any CPU.ActiveCfg = Release|Any CPU
		{DC981DB2-E3FF-4BD8-86A1-00477313502D}.Release|Any CPU.Build.0 = Release|Any CPU
		{A4338622-C8CB-43A4-80D9-5479A0B2E05E}.Debug|Any CPU.ActiveCfg = Debug|Any CPU
		{A4338622-C8CB-43A4-80D9-5479A0B2E05E}.Debug|Any CPU.Build.0 = Debug|Any CPU
		{A4338622-C8CB-43A4-80D9-5479A0B2E05E}.Release|Any CPU.ActiveCfg = Release|Any CPU
		{A4338622-C8CB-43A4-80D9-5479A0B2E05E}.Release|Any CPU.Build.0 = Release|Any CPU
		{41CF2E67-4598-44E8-848D-CF61A74635F9}.Debug|Any CPU.ActiveCfg = Debug|Any CPU
		{41CF2E67-4598-44E8-848D-CF61A74635F9}.Debug|Any CPU.Build.0 = Debug|Any CPU
		{41CF2E67-4598-44E8-848D-CF61A74635F9}.Release|Any CPU.ActiveCfg = Release|Any CPU
		{41CF2E67-4598-44E8-848D-CF61A74635F9}.Release|Any CPU.Build.0 = Release|Any CPU
		{9E310DE4-AEDB-4931-A8E5-EB581419BC10}.Debug|Any CPU.ActiveCfg = Debug|Any CPU
		{9E310DE4-AEDB-4931-A8E5-EB581419BC10}.Debug|Any CPU.Build.0 = Debug|Any CPU
		{9E310DE4-AEDB-4931-A8E5-EB581419BC10}.Release|Any CPU.ActiveCfg = Release|Any CPU
		{9E310DE4-AEDB-4931-A8E5-EB581419BC10}.Release|Any CPU.Build.0 = Release|Any CPU
		{897D9F76-825B-4EB4-A69F-4F69BCA198C5}.Debug|Any CPU.ActiveCfg = Debug|Any CPU
		{897D9F76-825B-4EB4-A69F-4F69BCA198C5}.Debug|Any CPU.Build.0 = Debug|Any CPU
		{897D9F76-825B-4EB4-A69F-4F69BCA198C5}.Release|Any CPU.ActiveCfg = Release|Any CPU
		{897D9F76-825B-4EB4-A69F-4F69BCA198C5}.Release|Any CPU.Build.0 = Release|Any CPU
		{633C8AC2-5E80-47E6-8F2B-6F61F9E39232}.Debug|Any CPU.ActiveCfg = Debug|Any CPU
		{633C8AC2-5E80-47E6-8F2B-6F61F9E39232}.Debug|Any CPU.Build.0 = Debug|Any CPU
		{633C8AC2-5E80-47E6-8F2B-6F61F9E39232}.Release|Any CPU.ActiveCfg = Release|Any CPU
		{633C8AC2-5E80-47E6-8F2B-6F61F9E39232}.Release|Any CPU.Build.0 = Release|Any CPU
		{56E74DDE-7D8E-454B-934C-304661D590CE}.Debug|Any CPU.ActiveCfg = Debug|Any CPU
		{56E74DDE-7D8E-454B-934C-304661D590CE}.Debug|Any CPU.Build.0 = Debug|Any CPU
		{56E74DDE-7D8E-454B-934C-304661D590CE}.Release|Any CPU.ActiveCfg = Release|Any CPU
		{56E74DDE-7D8E-454B-934C-304661D590CE}.Release|Any CPU.Build.0 = Release|Any CPU
	EndGlobalSection
	GlobalSection(SolutionProperties) = preSolution
		HideSolutionNode = FALSE
	EndGlobalSection
	GlobalSection(NestedProjects) = preSolution
		{67332B4F-6274-46CB-8019-397A9AD89982} = {A72CDA95-66CF-497F-8D88-1961BDD287EE}
		{41CF2E67-4598-44E8-848D-CF61A74635F9} = {67332B4F-6274-46CB-8019-397A9AD89982}
		{9E310DE4-AEDB-4931-A8E5-EB581419BC10} = {67332B4F-6274-46CB-8019-397A9AD89982}
		{4F73EA07-B8FF-48D0-A7A1-9717BEF9FF78} = {A72CDA95-66CF-497F-8D88-1961BDD287EE}
		{5FF73370-50C6-4AED-9EA8-DBFBEAE29311} = {4F73EA07-B8FF-48D0-A7A1-9717BEF9FF78}
		{897D9F76-825B-4EB4-A69F-4F69BCA198C5} = {5FF73370-50C6-4AED-9EA8-DBFBEAE29311}
		{7A6C620B-C3FC-4043-ADAB-D25388629B8F} = {4F73EA07-B8FF-48D0-A7A1-9717BEF9FF78}
		{633C8AC2-5E80-47E6-8F2B-6F61F9E39232} = {7A6C620B-C3FC-4043-ADAB-D25388629B8F}
		{DC964681-FCDD-4F1A-8A62-424C839A1AFA} = {4F73EA07-B8FF-48D0-A7A1-9717BEF9FF78}
		{56E74DDE-7D8E-454B-934C-304661D590CE} = {DC964681-FCDD-4F1A-8A62-424C839A1AFA}
	EndGlobalSection
	GlobalSection(ExtensibilityGlobals) = postSolution
		SolutionGuid = {3E2F4DB3-BBD7-4318-8A6A-E437948D2D68}
	EndGlobalSection
EndGlobal
