
Microsoft Visual Studio Solution File, Format Version 12.00
# Visual Studio Version 17
VisualStudioVersion = 17.5.002.0
MinimumVisualStudioVersion = 10.0.40219.1
Project("{9A19103F-16F7-4668-BE54-9A1E7A4F7556}") = "PROG2", "PROG2.csproj", "{562B368A-A2AE-4B54-AC41-4E8D7ACE3DA2}"
EndProject
Global
	GlobalSection(SolutionConfigurationPlatforms) = preSolution
		Debug|Any CPU = Debug|Any CPU
		Release|Any CPU = Release|Any CPU
	EndGlobalSection
	GlobalSection(ProjectConfigurationPlatforms) = postSolution
		{562B368A-A2AE-4B54-AC41-4E8D7ACE3DA2}.Debug|Any CPU.ActiveCfg = Debug|Any CPU
		{562B368A-A2AE-4B54-AC41-4E8D7ACE3DA2}.Debug|Any CPU.Build.0 = Debug|Any CPU
		{562B368A-A2AE-4B54-AC41-4E8D7ACE3DA2}.Release|Any CPU.ActiveCfg = Release|Any CPU
		{562B368A-A2AE-4B54-AC41-4E8D7ACE3DA2}.Release|Any CPU.Build.0 = Release|Any CPU
	EndGlobalSection
	GlobalSection(SolutionProperties) = preSolution
		HideSolutionNode = FALSE
	EndGlobalSection
	GlobalSection(ExtensibilityGlobals) = postSolution
		SolutionGuid = {D4C32F2D-9AC6-4C1C-8959-AF740D37B201}
	EndGlobalSection
EndGlobal
